// !$*UTF8*$!
{
	archiveVersion = 1;
	classes = {
	};
	objectVersion = 46;
	objects = {

/* Begin PBXBuildFile section */
		7D79DABB1C81EE250089A2F8 /* AppDelegate.swift in Sources */ = {isa = PBXBuildFile; fileRef = 7D79DABA1C81EE250089A2F8 /* AppDelegate.swift */; };
		7D79DABD1C81EE250089A2F8 /* ViewController.swift in Sources */ = {isa = PBXBuildFile; fileRef = 7D79DABC1C81EE250089A2F8 /* ViewController.swift */; };
		7D79DAC01C81EE250089A2F8 /* Main.storyboard in Resources */ = {isa = PBXBuildFile; fileRef = 7D79DABE1C81EE250089A2F8 /* Main.storyboard */; };
		7D79DAC21C81EE250089A2F8 /* Assets.xcassets in Resources */ = {isa = PBXBuildFile; fileRef = 7D79DAC11C81EE250089A2F8 /* Assets.xcassets */; };
		7D79DAC51C81EE250089A2F8 /* LaunchScreen.storyboard in Resources */ = {isa = PBXBuildFile; fileRef = 7D79DAC31C81EE250089A2F8 /* LaunchScreen.storyboard */; };
		7D79DAD01C81EE250089A2F8 /* pruebaGitTests.swift in Sources */ = {isa = PBXBuildFile; fileRef = 7D79DACF1C81EE250089A2F8 /* pruebaGitTests.swift */; };
		7D79DADB1C81EE250089A2F8 /* pruebaGitUITests.swift in Sources */ = {isa = PBXBuildFile; fileRef = 7D79DADA1C81EE250089A2F8 /* pruebaGitUITests.swift */; };
/* End PBXBuildFile section */

/* Begin PBXContainerItemProxy section */
		7D79DACC1C81EE250089A2F8 /* PBXContainerItemProxy */ = {
			isa = PBXContainerItemProxy;
			containerPortal = 7D79DAAF1C81EE240089A2F8 /* Project object */;
			proxyType = 1;
			remoteGlobalIDString = 7D79DAB61C81EE240089A2F8;
			remoteInfo = pruebaGit;
		};
		7D79DAD71C81EE250089A2F8 /* PBXContainerItemProxy */ = {
			isa = PBXContainerItemProxy;
			containerPortal = 7D79DAAF1C81EE240089A2F8 /* Project object */;
			proxyType = 1;
			remoteGlobalIDString = 7D79DAB61C81EE240089A2F8;
			remoteInfo = pruebaGit;
		};
/* End PBXContainerItemProxy section */

/* Begin PBXFileReference section */
		7D79DAB71C81EE240089A2F8 /* pruebaGit.app */ = {isa = PBXFileReference; explicitFileType = wrapper.application; includeInIndex = 0; path = pruebaGit.app; sourceTree = BUILT_PRODUCTS_DIR; };
		7D79DABA1C81EE250089A2F8 /* AppDelegate.swift */ = {isa = PBXFileReference; lastKnownFileType = sourcecode.swift; path = AppDelegate.swift; sourceTree = "<group>"; };
		7D79DABC1C81EE250089A2F8 /* ViewController.swift */ = {isa = PBXFileReference; lastKnownFileType = sourcecode.swift; path = ViewController.swift; sourceTree = "<group>"; };
		7D79DABF1C81EE250089A2F8 /* Base */ = {isa = PBXFileReference; lastKnownFileType = file.storyboard; name = Base; path = Base.lproj/Main.storyboard; sourceTree = "<group>"; };
		7D79DAC11C81EE250089A2F8 /* Assets.xcassets */ = {isa = PBXFileReference; lastKnownFileType = folder.assetcatalog; path = Assets.xcassets; sourceTree = "<group>"; };
		7D79DAC41C81EE250089A2F8 /* Base */ = {isa = PBXFileReference; lastKnownFileType = file.storyboard; name = Base; path = Base.lproj/LaunchScreen.storyboard; sourceTree = "<group>"; };
		7D79DAC61C81EE250089A2F8 /* Info.plist */ = {isa = PBXFileReference; lastKnownFileType = text.plist.xml; path = Info.plist; sourceTree = "<group>"; };
		7D79DACB1C81EE250089A2F8 /* pruebaGitTests.xctest */ = {isa = PBXFileReference; explicitFileType = wrapper.cfbundle; includeInIndex = 0; path = pruebaGitTests.xctest; sourceTree = BUILT_PRODUCTS_DIR; };
		7D79DACF1C81EE250089A2F8 /* pruebaGitTests.swift */ = {isa = PBXFileReference; lastKnownFileType = sourcecode.swift; path = pruebaGitTests.swift; sourceTree = "<group>"; };
		7D79DAD11C81EE250089A2F8 /* Info.plist */ = {isa = PBXFileReference; lastKnownFileType = text.plist.xml; path = Info.plist; sourceTree = "<group>"; };
		7D79DAD61C81EE250089A2F8 /* pruebaGitUITests.xctest */ = {isa = PBXFileReference; explicitFileType = wrapper.cfbundle; includeInIndex = 0; path = pruebaGitUITests.xctest; sourceTree = BUILT_PRODUCTS_DIR; };
		7D79DADA1C81EE250089A2F8 /* pruebaGitUITests.swift */ = {isa = PBXFileReference; lastKnownFileType = sourcecode.swift; path = pruebaGitUITests.swift; sourceTree = "<group>"; };
		7D79DADC1C81EE250089A2F8 /* Info.plist */ = {isa = PBXFileReference; lastKnownFileType = text.plist.xml; path = Info.plist; sourceTree = "<group>"; };
/* End PBXFileReference section */

/* Begin PBXFrameworksBuildPhase section */
		7D79DAB41C81EE240089A2F8 /* Frameworks */ = {
			isa = PBXFrameworksBuildPhase;
			buildActionMask = 2147483647;
			files = (
			);
			runOnlyForDeploymentPostprocessing = 0;
		};
		7D79DAC81C81EE250089A2F8 /* Frameworks */ = {
			isa = PBXFrameworksBuildPhase;
			buildActionMask = 2147483647;
			files = (
			);
			runOnlyForDeploymentPostprocessing = 0;
		};
		7D79DAD31C81EE250089A2F8 /* Frameworks */ = {
			isa = PBXFrameworksBuildPhase;
			buildActionMask = 2147483647;
			files = (
			);
			runOnlyForDeploymentPostprocessing = 0;
		};
/* End PBXFrameworksBuildPhase section */

/* Begin PBXGroup section */
		7D79DAAE1C81EE240089A2F8 = {
			isa = PBXGroup;
			children = (
				7D79DAB91C81EE250089A2F8 /* pruebaGit */,
				7D79DACE1C81EE250089A2F8 /* pruebaGitTests */,
				7D79DAD91C81EE250089A2F8 /* pruebaGitUITests */,
				7D79DAB81C81EE240089A2F8 /* Products */,
			);
			sourceTree = "<group>";
		};
		7D79DAB81C81EE240089A2F8 /* Products */ = {
			isa = PBXGroup;
			children = (
				7D79DAB71C81EE240089A2F8 /* pruebaGit.app */,
				7D79DACB1C81EE250089A2F8 /* pruebaGitTests.xctest */,
				7D79DAD61C81EE250089A2F8 /* pruebaGitUITests.xctest */,
			);
			name = Products;
			sourceTree = "<group>";
		};
		7D79DAB91C81EE250089A2F8 /* pruebaGit */ = {
			isa = PBXGroup;
			children = (
				7D79DABA1C81EE250089A2F8 /* AppDelegate.swift */,
				7D79DABC1C81EE250089A2F8 /* ViewController.swift */,
				7D79DABE1C81EE250089A2F8 /* Main.storyboard */,
				7D79DAC11C81EE250089A2F8 /* Assets.xcassets */,
				7D79DAC31C81EE250089A2F8 /* LaunchScreen.storyboard */,
				7D79DAC61C81EE250089A2F8 /* Info.plist */,
			);
			path = pruebaGit;
			sourceTree = "<group>";
		};
		7D79DACE1C81EE250089A2F8 /* pruebaGitTests */ = {
			isa = PBXGroup;
			children = (
				7D79DACF1C81EE250089A2F8 /* pruebaGitTests.swift */,
				7D79DAD11C81EE250089A2F8 /* Info.plist */,
			);
			path = pruebaGitTests;
			sourceTree = "<group>";
		};
		7D79DAD91C81EE250089A2F8 /* pruebaGitUITests */ = {
			isa = PBXGroup;
			children = (
				7D79DADA1C81EE250089A2F8 /* pruebaGitUITests.swift */,
				7D79DADC1C81EE250089A2F8 /* Info.plist */,
			);
			path = pruebaGitUITests;
			sourceTree = "<group>";
		};
/* End PBXGroup section */

/* Begin PBXNativeTarget section */
		7D79DAB61C81EE240089A2F8 /* pruebaGit */ = {
			isa = PBXNativeTarget;
			buildConfigurationList = 7D79DADF1C81EE250089A2F8 /* Build configuration list for PBXNativeTarget "pruebaGit" */;
			buildPhases = (
				7D79DAB31C81EE240089A2F8 /* Sources */,
				7D79DAB41C81EE240089A2F8 /* Frameworks */,
				7D79DAB51C81EE240089A2F8 /* Resources */,
			);
			buildRules = (
			);
			dependencies = (
			);
			name = pruebaGit;
			productName = pruebaGit;
			productReference = 7D79DAB71C81EE240089A2F8 /* pruebaGit.app */;
			productType = "com.apple.product-type.application";
		};
		7D79DACA1C81EE250089A2F8 /* pruebaGitTests */ = {
			isa = PBXNativeTarget;
			buildConfigurationList = 7D79DAE21C81EE250089A2F8 /* Build configuration list for PBXNativeTarget "pruebaGitTests" */;
			buildPhases = (
				7D79DAC71C81EE250089A2F8 /* Sources */,
				7D79DAC81C81EE250089A2F8 /* Frameworks */,
				7D79DAC91C81EE250089A2F8 /* Resources */,
			);
			buildRules = (
			);
			dependencies = (
				7D79DACD1C81EE250089A2F8 /* PBXTargetDependency */,
			);
			name = pruebaGitTests;
			productName = pruebaGitTests;
			productReference = 7D79DACB1C81EE250089A2F8 /* pruebaGitTests.xctest */;
			productType = "com.apple.product-type.bundle.unit-test";
		};
		7D79DAD51C81EE250089A2F8 /* pruebaGitUITests */ = {
			isa = PBXNativeTarget;
			buildConfigurationList = 7D79DAE51C81EE250089A2F8 /* Build configuration list for PBXNativeTarget "pruebaGitUITests" */;
			buildPhases = (
				7D79DAD21C81EE250089A2F8 /* Sources */,
				7D79DAD31C81EE250089A2F8 /* Frameworks */,
				7D79DAD41C81EE250089A2F8 /* Resources */,
			);
			buildRules = (
			);
			dependencies = (
				7D79DAD81C81EE250089A2F8 /* PBXTargetDependency */,
			);
			name = pruebaGitUITests;
			productName = pruebaGitUITests;
			productReference = 7D79DAD61C81EE250089A2F8 /* pruebaGitUITests.xctest */;
			productType = "com.apple.product-type.bundle.ui-testing";
		};
/* End PBXNativeTarget section */

/* Begin PBXProject section */
		7D79DAAF1C81EE240089A2F8 /* Project object */ = {
			isa = PBXProject;
			attributes = {
				LastSwiftUpdateCheck = 0720;
				LastUpgradeCheck = 0720;
				ORGANIZATIONNAME = "Christian Lizana aranda";
				TargetAttributes = {
					7D79DAB61C81EE240089A2F8 = {
						CreatedOnToolsVersion = 7.2.1;
						DevelopmentTeam = 7XRX88PM9R;
					};
					7D79DACA1C81EE250089A2F8 = {
						CreatedOnToolsVersion = 7.2.1;
						DevelopmentTeam = 7XRX88PM9R;
						TestTargetID = 7D79DAB61C81EE240089A2F8;
					};
					7D79DAD51C81EE250089A2F8 = {
						CreatedOnToolsVersion = 7.2.1;
						DevelopmentTeam = 7XRX88PM9R;
						TestTargetID = 7D79DAB61C81EE240089A2F8;
					};
				};
			};
			buildConfigurationList = 7D79DAB21C81EE240089A2F8 /* Build configuration list for PBXProject "pruebaGit" */;
			compatibilityVersion = "Xcode 3.2";
			developmentRegion = English;
			hasScannedForEncodings = 0;
			knownRegions = (
				en,
				Base,
			);
			mainGroup = 7D79DAAE1C81EE240089A2F8;
			productRefGroup = 7D79DAB81C81EE240089A2F8 /* Products */;
			projectDirPath = "";
			projectRoot = "";
			targets = (
				7D79DAB61C81EE240089A2F8 /* pruebaGit */,
				7D79DACA1C81EE250089A2F8 /* pruebaGitTests */,
				7D79DAD51C81EE250089A2F8 /* pruebaGitUITests */,
			);
		};
/* End PBXProject section */

/* Begin PBXResourcesBuildPhase section */
		7D79DAB51C81EE240089A2F8 /* Resources */ = {
			isa = PBXResourcesBuildPhase;
			buildActionMask = 2147483647;
			files = (
				7D79DAC51C81EE250089A2F8 /* LaunchScreen.storyboard in Resources */,
				7D79DAC21C81EE250089A2F8 /* Assets.xcassets in Resources */,
				7D79DAC01C81EE250089A2F8 /* Main.storyboard in Resources */,
			);
			runOnlyForDeploymentPostprocessing = 0;
		};
		7D79DAC91C81EE250089A2F8 /* Resources */ = {
			isa = PBXResourcesBuildPhase;
			buildActionMask = 2147483647;
			files = (
			);
			runOnlyForDeploymentPostprocessing = 0;
		};
		7D79DAD41C81EE250089A2F8 /* Resources */ = {
			isa = PBXResourcesBuildPhase;
			buildActionMask = 2147483647;
			files = (
			);
			runOnlyForDeploymentPostprocessing = 0;
		};
/* End PBXResourcesBuildPhase section */

/* Begin PBXSourcesBuildPhase section */
		7D79DAB31C81EE240089A2F8 /* Sources */ = {
			isa = PBXSourcesBuildPhase;
			buildActionMask = 2147483647;
			files = (
				7D79DABD1C81EE250089A2F8 /* ViewController.swift in Sources */,
				7D79DABB1C81EE250089A2F8 /* AppDelegate.swift in Sources */,
			);
			runOnlyForDeploymentPostprocessing = 0;
		};
		7D79DAC71C81EE250089A2F8 /* Sources */ = {
			isa = PBXSourcesBuildPhase;
			buildActionMask = 2147483647;
			files = (
				7D79DAD01C81EE250089A2F8 /* pruebaGitTests.swift in Sources */,
			);
			runOnlyForDeploymentPostprocessing = 0;
		};
		7D79DAD21C81EE250089A2F8 /* Sources */ = {
			isa = PBXSourcesBuildPhase;
			buildActionMask = 2147483647;
			files = (
				7D79DADB1C81EE250089A2F8 /* pruebaGitUITests.swift in Sources */,
			);
			runOnlyForDeploymentPostprocessing = 0;
		};
/* End PBXSourcesBuildPhase section */

/* Begin PBXTargetDependency section */
		7D79DACD1C81EE250089A2F8 /* PBXTargetDependency */ = {
			isa = PBXTargetDependency;
			target = 7D79DAB61C81EE240089A2F8 /* pruebaGit */;
			targetProxy = 7D79DACC1C81EE250089A2F8 /* PBXContainerItemProxy */;
		};
		7D79DAD81C81EE250089A2F8 /* PBXTargetDependency */ = {
			isa = PBXTargetDependency;
			target = 7D79DAB61C81EE240089A2F8 /* pruebaGit */;
			targetProxy = 7D79DAD71C81EE250089A2F8 /* PBXContainerItemProxy */;
		};
/* End PBXTargetDependency section */

/* Begin PBXVariantGroup section */
		7D79DABE1C81EE250089A2F8 /* Main.storyboard */ = {
			isa = PBXVariantGroup;
			children = (
				7D79DABF1C81EE250089A2F8 /* Base */,
			);
			name = Main.storyboard;
			sourceTree = "<group>";
		};
		7D79DAC31C81EE250089A2F8 /* LaunchScreen.storyboard */ = {
			isa = PBXVariantGroup;
			children = (
				7D79DAC41C81EE250089A2F8 /* Base */,
			);
			name = LaunchScreen.storyboard;
			sourceTree = "<group>";
		};
/* End PBXVariantGroup section */

/* Begin XCBuildConfiguration section */
		7D79DADD1C81EE250089A2F8 /* Debug */ = {
			isa = XCBuildConfiguration;
			buildSettings = {
				ALWAYS_SEARCH_USER_PATHS = NO;
				CLANG_CXX_LANGUAGE_STANDARD = "gnu++0x";
				CLANG_CXX_LIBRARY = "libc++";
				CLANG_ENABLE_MODULES = YES;
				CLANG_ENABLE_OBJC_ARC = YES;
				CLANG_WARN_BOOL_CONVERSION = YES;
				CLANG_WARN_CONSTANT_CONVERSION = YES;
				CLANG_WARN_DIRECT_OBJC_ISA_USAGE = YES_ERROR;
				CLANG_WARN_EMPTY_BODY = YES;
				CLANG_WARN_ENUM_CONVERSION = YES;
				CLANG_WARN_INT_CONVERSION = YES;
				CLANG_WARN_OBJC_ROOT_CLASS = YES_ERROR;
				CLANG_WARN_UNREACHABLE_CODE = YES;
				CLANG_WARN__DUPLICATE_METHOD_MATCH = YES;
				"CODE_SIGN_IDENTITY[sdk=iphoneos*]" = "iPhone Developer";
				COPY_PHASE_STRIP = NO;
				DEBUG_INFORMATION_FORMAT = dwarf;
				ENABLE_STRICT_OBJC_MSGSEND = YES;
				ENABLE_TESTABILITY = YES;
				GCC_C_LANGUAGE_STANDARD = gnu99;
				GCC_DYNAMIC_NO_PIC = NO;
				GCC_NO_COMMON_BLOCKS = YES;
				GCC_OPTIMIZATION_LEVEL = 0;
				GCC_PREPROCESSOR_DEFINITIONS = (
					"DEBUG=1",
					"$(inherited)",
				);
				GCC_WARN_64_TO_32_BIT_CONVERSION = YES;
				GCC_WARN_ABOUT_RETURN_TYPE = YES_ERROR;
				GCC_WARN_UNDECLARED_SELECTOR = YES;
				GCC_WARN_UNINITIALIZED_AUTOS = YES_AGGRESSIVE;
				GCC_WARN_UNUSED_FUNCTION = YES;
				GCC_WARN_UNUSED_VARIABLE = YES;
				IPHONEOS_DEPLOYMENT_TARGET = 9.2;
				MTL_ENABLE_DEBUG_INFO = YES;
				ONLY_ACTIVE_ARCH = YES;
				SDKROOT = iphoneos;
				SWIFT_OPTIMIZATION_LEVEL = "-Onone";
			};
			name = Debug;
		};
		7D79DADE1C81EE250089A2F8 /* Release */ = {
			isa = XCBuildConfiguration;
			buildSettings = {
				ALWAYS_SEARCH_USER_PATHS = NO;
				CLANG_CXX_LANGUAGE_STANDARD = "gnu++0x";
				CLANG_CXX_LIBRARY = "libc++";
				CLANG_ENABLE_MODULES = YES;
				CLANG_ENABLE_OBJC_ARC = YES;
				CLANG_WARN_BOOL_CONVERSION = YES;
				CLANG_WARN_CONSTANT_CONVERSION = YES;
				CLANG_WARN_DIRECT_OBJC_ISA_USAGE = YES_ERROR;
				CLANG_WARN_EMPTY_BODY = YES;
				CLANG_WARN_ENUM_CONVERSION = YES;
				CLANG_WARN_INT_CONVERSION = YES;
				CLANG_WARN_OBJC_ROOT_CLASS = YES_ERROR;
				CLANG_WARN_UNREACHABLE_CODE = YES;
				CLANG_WARN__DUPLICATE_METHOD_MATCH = YES;
				"CODE_SIGN_IDENTITY[sdk=iphoneos*]" = "iPhone Developer";
				COPY_PHASE_STRIP = NO;
				DEBUG_INFORMATION_FORMAT = "dwarf-with-dsym";
				ENABLE_NS_ASSERTIONS = NO;
				ENABLE_STRICT_OBJC_MSGSEND = YES;
				GCC_C_LANGUAGE_STANDARD = gnu99;
				GCC_NO_COMMON_BLOCKS = YES;
				GCC_WARN_64_TO_32_BIT_CONVERSION = YES;
				GCC_WARN_ABOUT_RETURN_TYPE = YES_ERROR;
				GCC_WARN_UNDECLARED_SELECTOR = YES;
				GCC_WARN_UNINITIALIZED_AUTOS = YES_AGGRESSIVE;
				GCC_WARN_UNUSED_FUNCTION = YES;
				GCC_WARN_UNUSED_VARIABLE = YES;
				IPHONEOS_DEPLOYMENT_TARGET = 9.2;
				MTL_ENABLE_DEBUG_INFO = NO;
				SDKROOT = iphoneos;
				VALIDATE_PRODUCT = YES;
			};
			name = Release;
		};
		7D79DAE01C81EE250089A2F8 /* Debug */ = {
			isa = XCBuildConfiguration;
			buildSettings = {
				ASSETCATALOG_COMPILER_APPICON_NAME = AppIcon;
				INFOPLIST_FILE = pruebaGit/Info.plist;
				LD_RUNPATH_SEARCH_PATHS = "$(inherited) @executable_path/Frameworks";
				PRODUCT_BUNDLE_IDENTIFIER = Primera.pruebaGit;
				PRODUCT_NAME = "$(TARGET_NAME)";
			};
			name = Debug;
		};
		7D79DAE11C81EE250089A2F8 /* Release */ = {
			isa = XCBuildConfiguration;
			buildSettings = {
				ASSETCATALOG_COMPILER_APPICON_NAME = AppIcon;
				INFOPLIST_FILE = pruebaGit/Info.plist;
				LD_RUNPATH_SEARCH_PATHS = "$(inherited) @executable_path/Frameworks";
				PRODUCT_BUNDLE_IDENTIFIER = Primera.pruebaGit;
				PRODUCT_NAME = "$(TARGET_NAME)";
			};
			name = Release;
		};
		7D79DAE31C81EE250089A2F8 /* Debug */ = {
			isa = XCBuildConfiguration;
			buildSettings = {
				BUNDLE_LOADER = "$(TEST_HOST)";
				INFOPLIST_FILE = pruebaGitTests/Info.plist;
				LD_RUNPATH_SEARCH_PATHS = "$(inherited) @executable_path/Frameworks @loader_path/Frameworks";
				PRODUCT_BUNDLE_IDENTIFIER = Primera.pruebaGitTests;
				PRODUCT_NAME = "$(TARGET_NAME)";
				TEST_HOST = "$(BUILT_PRODUCTS_DIR)/pruebaGit.app/pruebaGit";
			};
			name = Debug;
		};
		7D79DAE41C81EE250089A2F8 /* Release */ = {
			isa = XCBuildConfiguration;
			buildSettings = {
				BUNDLE_LOADER = "$(TEST_HOST)";
				INFOPLIST_FILE = pruebaGitTests/Info.plist;
				LD_RUNPATH_SEARCH_PATHS = "$(inherited) @executable_path/Frameworks @loader_path/Frameworks";
				PRODUCT_BUNDLE_IDENTIFIER = Primera.pruebaGitTests;
				PRODUCT_NAME = "$(TARGET_NAME)";
				TEST_HOST = "$(BUILT_PRODUCTS_DIR)/pruebaGit.app/pruebaGit";
			};
			name = Release;
		};
		7D79DAE61C81EE250089A2F8 /* Debug */ = {
			isa = XCBuildConfiguration;
			buildSettings = {
				INFOPLIST_FILE = pruebaGitUITests/Info.plist;
				LD_RUNPATH_SEARCH_PATHS = "$(inherited) @executable_path/Frameworks @loader_path/Frameworks";
				PRODUCT_BUNDLE_IDENTIFIER = Primera.pruebaGitUITests;
				PRODUCT_NAME = "$(TARGET_NAME)";
				TEST_TARGET_NAME = pruebaGit;
				USES_XCTRUNNER = YES;
			};
			name = Debug;
		};
		7D79DAE71C81EE250089A2F8 /* Release */ = {
			isa = XCBuildConfiguration;
			buildSettings = {
				INFOPLIST_FILE = pruebaGitUITests/Info.plist;
				LD_RUNPATH_SEARCH_PATHS = "$(inherited) @executable_path/Frameworks @loader_path/Frameworks";
				PRODUCT_BUNDLE_IDENTIFIER = Primera.pruebaGitUITests;
				PRODUCT_NAME = "$(TARGET_NAME)";
				TEST_TARGET_NAME = pruebaGit;
				USES_XCTRUNNER = YES;
			};
			name = Release;
		};
/* End XCBuildConfiguration section */

/* Begin XCConfigurationList section */
		7D79DAB21C81EE240089A2F8 /* Build configuration list for PBXProject "pruebaGit" */ = {
			isa = XCConfigurationList;
			buildConfigurations = (
				7D79DADD1C81EE250089A2F8 /* Debug */,
				7D79DADE1C81EE250089A2F8 /* Release */,
			);
			defaultConfigurationIsVisible = 0;
			defaultConfigurationName = Release;
		};
		7D79DADF1C81EE250089A2F8 /* Build configuration list for PBXNativeTarget "pruebaGit" */ = {
			isa = XCConfigurationList;
			buildConfigurations = (
				7D79DAE01C81EE250089A2F8 /* Debug */,
				7D79DAE11C81EE250089A2F8 /* Release */,
			);
			defaultConfigurationIsVisible = 0;
		};
		7D79DAE21C81EE250089A2F8 /* Build configuration list for PBXNativeTarget "pruebaGitTests" */ = {
			isa = XCConfigurationList;
			buildConfigurations = (
				7D79DAE31C81EE250089A2F8 /* Debug */,
				7D79DAE41C81EE250089A2F8 /* Release */,
			);
			defaultConfigurationIsVisible = 0;
		};
		7D79DAE51C81EE250089A2F8 /* Build configuration list for PBXNativeTarget "pruebaGitUITests" */ = {
			isa = XCConfigurationList;
			buildConfigurations = (
				7D79DAE61C81EE250089A2F8 /* Debug */,
				7D79DAE71C81EE250089A2F8 /* Release */,
			);
			defaultConfigurationIsVisible = 0;
		};
/* End XCConfigurationList section */
	};
	rootObject = 7D79DAAF1C81EE240089A2F8 /* Project object */;
}
